{
  "nodes": {
    "cachix": {
      "locked": {
        "lastModified": 1637316267,
        "narHash": "sha256-hfAA/0W3tycKKOSwP7Xt6FXLG9h/FgCu45wdGubHtV0=",
        "owner": "nixos",
        "repo": "nixpkgs",
        "rev": "24528474d2b3370f2f23879a557ae2cc92a5d50b",
        "type": "github"
      },
      "original": {
        "owner": "nixos",
        "ref": "nixos-21.05",
        "repo": "nixpkgs",
        "type": "github"
      }
    },
    "emacs-overlay": {
      "locked": {
        "lastModified": 1637399921,
        "narHash": "sha256-gABxNlp7Xz4xF+0jilExk5IedYeOe3rx/WOj2ZpdTg0=",
        "owner": "nix-community",
        "repo": "emacs-overlay",
        "rev": "f6da7e363211fb0247785651489e5825ee8f29c6",
        "type": "github"
      },
      "original": {
        "owner": "nix-community",
        "ref": "master",
        "repo": "emacs-overlay",
        "type": "github"
      }
    },
    "home-manager": {
      "inputs": {
        "nixpkgs": [
          "nixpkgs"
        ]
      },
      "locked": {
        "lastModified": 1637398047,
        "narHash": "sha256-H6yh2VvABMhrkjYrPccc0Buak4L9jtFzsb98FsNDM2Q=",
        "owner": "nix-community",
        "repo": "home-manager",
        "rev": "c82bc787b8990c89f2f7d57df652ce2424129b92",
        "type": "github"
      },
      "original": {
        "owner": "nix-community",
        "ref": "master",
        "repo": "home-manager",
        "type": "github"
      }
    },
    "nixpkgs": {
      "locked": {
        "lastModified": 1637155076,
        "narHash": "sha256-26ZPNiuzlsnXpt55Q44+yzXvp385aNAfevzVEKbrU5Q=",
        "owner": "NixOS",
        "repo": "nixpkgs",
        "rev": "715f63411952c86c8f57ab9e3e3cb866a015b5f2",
        "type": "github"
      },
      "original": {
        "id": "nixpkgs",
        "ref": "nixos-unstable",
        "type": "indirect"
      }
    },
    "nixpkgs_2": {
      "locked": {
        "lastModified": 1637155076,
        "narHash": "sha256-26ZPNiuzlsnXpt55Q44+yzXvp385aNAfevzVEKbrU5Q=",
        "owner": "nixos",
        "repo": "nixpkgs",
        "rev": "715f63411952c86c8f57ab9e3e3cb866a015b5f2",
        "type": "github"
      },
      "original": {
        "owner": "nixos",
        "ref": "nixos-unstable",
        "repo": "nixpkgs",
        "type": "github"
      }
    },
    "root": {
      "inputs": {
        "emacs-overlay": "emacs-overlay",
        "home-manager": "home-manager",
        "nixpkgs": "nixpkgs",
        "wayland": "wayland"
      }
    },
    "wayland": {
      "inputs": {
        "cachix": "cachix",
        "nixpkgs": "nixpkgs_2"
      },
      "locked": {
        "lastModified": 1637369100,
        "narHash": "sha256-M9EibmpnsKvdKXv6/suC7GKaRhp3PG8OKLsvnmz8Vjk=",
        "owner": "nix-community",
        "repo": "nixpkgs-wayland",
        "rev": "20bd2ca57f99e6c57dc0e41ef78993697dee97b3",
        "type": "github"
      },
      "original": {
        "owner": "nix-community",
        "ref": "master",
        "repo": "nixpkgs-wayland",
        "type": "github"
      }
    }
  },
  "root": "root",
  "version": 7
}
