{
  "nodes": {
    "agenix": {
      "inputs": {
        "nixpkgs": [
          "nixpkgs"
        ]
      },
      "locked": {
        "lastModified": 1646105662,
        "narHash": "sha256-jdXCZbGZL0SWWi29GnAOFHUh/QvvP0IyaVLv1ZTDkBI=",
        "owner": "ryantm",
        "repo": "agenix",
        "rev": "297cd58b418249240b9f1f155d52b1b17f292884",
        "type": "github"
      },
      "original": {
        "owner": "ryantm",
        "repo": "agenix",
        "type": "github"
      }
    },
    "alacritty-src": {
      "flake": false,
      "locked": {
        "lastModified": 1612842776,
        "narHash": "sha256-1dGk4ORzMSUQhuKSt5Yo7rOJCJ5/folwPX2tLiu0suA=",
        "owner": "zenixls2",
        "repo": "alacritty",
        "rev": "3ed043046fc74f288d4c8fa7e4463dc201213500",
        "type": "github"
      },
      "original": {
        "owner": "zenixls2",
        "ref": "ligature",
        "repo": "alacritty",
        "type": "github"
      }
    },
    "awesome-src": {
      "flake": false,
      "locked": {
        "lastModified": 1645814091,
        "narHash": "sha256-vi9sdDXTMsjUZNtNyaayw8YUFUjT7+2+BIAEewEJy7Q=",
        "owner": "awesomeWM",
        "repo": "awesome",
        "rev": "9895aeb0d58f1f9bdf460fe88c43828851f48c6e",
        "type": "github"
      },
      "original": {
        "owner": "awesomeWM",
        "repo": "awesome",
        "type": "github"
      }
    },
    "cachix": {
      "locked": {
        "lastModified": 1642244250,
        "narHash": "sha256-vWpUEqQdVP4srj+/YLJRTN9vjpTs4je0cdWKXPbDItc=",
        "owner": "nixos",
        "repo": "nixpkgs",
        "rev": "0fd9ee1aa36ce865ad273f4f07fdc093adeb5c00",
        "type": "github"
      },
      "original": {
        "owner": "nixos",
        "ref": "nixos-21.05",
        "repo": "nixpkgs",
        "type": "github"
      }
    },
    "deploy-rs": {
      "inputs": {
        "flake-compat": "flake-compat",
        "nixpkgs": "nixpkgs",
        "utils": "utils"
      },
      "locked": {
        "lastModified": 1643787431,
        "narHash": "sha256-8IwuVgXulRE3ZWq6z8mytarawC32pKPKR20EyDtSH+w=",
        "owner": "serokell",
        "repo": "deploy-rs",
        "rev": "4154ba1aaaf7333a916384c348d867d03b6f1409",
        "type": "github"
      },
      "original": {
        "owner": "serokell",
        "repo": "deploy-rs",
        "type": "github"
      }
    },
    "emacs-overlay": {
      "locked": {
        "lastModified": 1646414475,
        "narHash": "sha256-Linz0Q0FaNYkHniXnlUdCYUI9qeHvcS/dbn13Q3w4Bg=",
        "owner": "nix-community",
        "repo": "emacs-overlay",
        "rev": "2fc6f185dbbc0dbf35289648aab0a8dfd1bba320",
        "type": "github"
      },
      "original": {
        "owner": "nix-community",
        "ref": "master",
        "repo": "emacs-overlay",
        "type": "github"
      }
    },
    "eww": {
      "inputs": {
        "fenix": "fenix",
        "flake-compat": "flake-compat_2",
        "flake-utils": "flake-utils",
        "naersk": "naersk",
        "nixpkgs": "nixpkgs_4"
      },
      "locked": {
        "lastModified": 1644916672,
        "narHash": "sha256-oAbB9aW/nqg02peqGEfETOGgeXarI6ZcAZ6DzDXbOSE=",
        "owner": "elkowar",
        "repo": "eww",
        "rev": "fb0e57a0149904e76fb33807a2804d4af82350de",
        "type": "github"
      },
      "original": {
        "owner": "elkowar",
        "repo": "eww",
        "type": "github"
      }
    },
    "fenix": {
      "inputs": {
        "nixpkgs": [
          "nixpkgs"
        ],
        "rust-analyzer-src": "rust-analyzer-src"
      },
      "locked": {
        "lastModified": 1630895391,
        "narHash": "sha256-yokHZl7RvKfvmAmouI0Zr5x4SKhYvukRcU8XzRk7yf0=",
        "owner": "nix-community",
        "repo": "fenix",
        "rev": "3893e32c15e2ba4999510de67023a31d6f0e8b6e",
        "type": "github"
      },
      "original": {
        "owner": "nix-community",
        "repo": "fenix",
        "type": "github"
      }
    },
    "flake-compat": {
      "flake": false,
      "locked": {
        "lastModified": 1641205782,
        "narHash": "sha256-4jY7RCWUoZ9cKD8co0/4tFARpWB+57+r1bLLvXNJliY=",
        "owner": "edolstra",
        "repo": "flake-compat",
        "rev": "b7547d3eed6f32d06102ead8991ec52ab0a4f1a7",
        "type": "github"
      },
      "original": {
        "owner": "edolstra",
        "repo": "flake-compat",
        "type": "github"
      }
    },
    "flake-compat-ci": {
      "locked": {
        "lastModified": 1641672839,
        "narHash": "sha256-Bdwv+DKeEMlRNPDpZxSz0sSrqQBvdKO5fZ8LmvrgCOU=",
        "owner": "hercules-ci",
        "repo": "flake-compat-ci",
        "rev": "e832114bc18376c0f3fa13c19bf5ff253cc6570a",
        "type": "github"
      },
      "original": {
        "owner": "hercules-ci",
        "repo": "flake-compat-ci",
        "type": "github"
      }
    },
    "flake-compat_2": {
      "flake": false,
      "locked": {
        "lastModified": 1627913399,
        "narHash": "sha256-hY8g6H2KFL8ownSiFeMOjwPC8P0ueXpCVEbxgda3pko=",
        "owner": "edolstra",
        "repo": "flake-compat",
        "rev": "12c64ca55c1014cdc1b16ed5a804aa8576601ff2",
        "type": "github"
      },
      "original": {
        "owner": "edolstra",
        "repo": "flake-compat",
        "type": "github"
      }
    },
    "flake-compat_3": {
      "flake": false,
      "locked": {
        "lastModified": 1641205782,
        "narHash": "sha256-4jY7RCWUoZ9cKD8co0/4tFARpWB+57+r1bLLvXNJliY=",
        "owner": "edolstra",
        "repo": "flake-compat",
        "rev": "b7547d3eed6f32d06102ead8991ec52ab0a4f1a7",
        "type": "github"
      },
      "original": {
        "owner": "edolstra",
        "repo": "flake-compat",
        "type": "github"
      }
    },
    "flake-compat_4": {
      "flake": false,
      "locked": {
        "lastModified": 1641205782,
        "narHash": "sha256-4jY7RCWUoZ9cKD8co0/4tFARpWB+57+r1bLLvXNJliY=",
        "owner": "edolstra",
        "repo": "flake-compat",
        "rev": "b7547d3eed6f32d06102ead8991ec52ab0a4f1a7",
        "type": "github"
      },
      "original": {
        "owner": "edolstra",
        "repo": "flake-compat",
        "type": "github"
      }
    },
    "flake-compat_5": {
      "flake": false,
      "locked": {
        "lastModified": 1641205782,
        "narHash": "sha256-4jY7RCWUoZ9cKD8co0/4tFARpWB+57+r1bLLvXNJliY=",
        "owner": "edolstra",
        "repo": "flake-compat",
        "rev": "b7547d3eed6f32d06102ead8991ec52ab0a4f1a7",
        "type": "github"
      },
      "original": {
        "owner": "edolstra",
        "repo": "flake-compat",
        "type": "github"
      }
    },
    "flake-utils": {
      "locked": {
        "lastModified": 1629481132,
        "narHash": "sha256-JHgasjPR0/J1J3DRm4KxM4zTyAj4IOJY8vIl75v/kPI=",
        "owner": "numtide",
        "repo": "flake-utils",
        "rev": "997f7efcb746a9c140ce1f13c72263189225f482",
        "type": "github"
      },
      "original": {
        "owner": "numtide",
        "repo": "flake-utils",
        "type": "github"
      }
    },
    "flake-utils_2": {
      "locked": {
        "lastModified": 1644229661,
        "narHash": "sha256-1YdnJAsNy69bpcjuoKdOYQX0YxZBiCYZo4Twxerqv7k=",
        "owner": "numtide",
        "repo": "flake-utils",
        "rev": "3cecb5b042f7f209c56ffd8371b2711a290ec797",
        "type": "github"
      },
      "original": {
        "owner": "numtide",
        "repo": "flake-utils",
        "type": "github"
      }
    },
    "flake-utils_3": {
      "locked": {
        "lastModified": 1637014545,
        "narHash": "sha256-26IZAc5yzlD9FlDT54io1oqG/bBoyka+FJk5guaX4x4=",
        "owner": "numtide",
        "repo": "flake-utils",
        "rev": "bba5dcc8e0b20ab664967ad83d24d64cb64ec4f4",
        "type": "github"
      },
      "original": {
        "owner": "numtide",
        "repo": "flake-utils",
        "type": "github"
      }
    },
    "flake-utils_4": {
      "locked": {
        "lastModified": 1644229661,
        "narHash": "sha256-1YdnJAsNy69bpcjuoKdOYQX0YxZBiCYZo4Twxerqv7k=",
        "owner": "numtide",
        "repo": "flake-utils",
        "rev": "3cecb5b042f7f209c56ffd8371b2711a290ec797",
        "type": "github"
      },
      "original": {
        "owner": "numtide",
        "repo": "flake-utils",
        "type": "github"
      }
    },
    "flake-utils_5": {
      "locked": {
        "lastModified": 1644229661,
        "narHash": "sha256-1YdnJAsNy69bpcjuoKdOYQX0YxZBiCYZo4Twxerqv7k=",
        "owner": "numtide",
        "repo": "flake-utils",
        "rev": "3cecb5b042f7f209c56ffd8371b2711a290ec797",
        "type": "github"
      },
      "original": {
        "owner": "numtide",
        "repo": "flake-utils",
        "type": "github"
      }
    },
    "flake-utils_6": {
      "locked": {
        "lastModified": 1644229661,
        "narHash": "sha256-1YdnJAsNy69bpcjuoKdOYQX0YxZBiCYZo4Twxerqv7k=",
        "owner": "numtide",
        "repo": "flake-utils",
        "rev": "3cecb5b042f7f209c56ffd8371b2711a290ec797",
        "type": "github"
      },
      "original": {
        "owner": "numtide",
        "repo": "flake-utils",
        "type": "github"
      }
    },
    "fu": {
      "locked": {
        "lastModified": 1644229661,
        "narHash": "sha256-1YdnJAsNy69bpcjuoKdOYQX0YxZBiCYZo4Twxerqv7k=",
        "owner": "numtide",
        "repo": "flake-utils",
        "rev": "3cecb5b042f7f209c56ffd8371b2711a290ec797",
        "type": "github"
      },
      "original": {
        "owner": "numtide",
        "ref": "master",
        "repo": "flake-utils",
        "type": "github"
      }
    },
    "fup": {
      "inputs": {
        "flake-utils": [
          "fu"
        ]
      },
      "locked": {
        "lastModified": 1639385028,
        "narHash": "sha256-oqorKz3mwf7UuDJwlbCEYCB2LfcWLL0DkeCWhRIL820=",
        "owner": "gytis-ivaskevicius",
        "repo": "flake-utils-plus",
        "rev": "be1be083af014720c14f3b574f57b6173b4915d0",
        "type": "github"
      },
      "original": {
        "owner": "gytis-ivaskevicius",
        "ref": "master",
        "repo": "flake-utils-plus",
        "type": "github"
      }
    },
    "git-ignore-nix": {
      "inputs": {
        "nixpkgs": "nixpkgs_8"
      },
      "locked": {
        "lastModified": 1635165013,
        "narHash": "sha256-o/BdVjNwcB6jOmzZjOH703BesSkkS5O7ej3xhyO8hAY=",
        "owner": "hercules-ci",
        "repo": "gitignore.nix",
        "rev": "5b9e0ff9d3b551234b4f3eb3983744fa354b17f1",
        "type": "github"
      },
      "original": {
        "owner": "hercules-ci",
        "ref": "master",
        "repo": "gitignore.nix",
        "type": "github"
      }
    },
    "git-ignore-nix_2": {
      "inputs": {
        "nixpkgs": "nixpkgs_10"
      },
      "locked": {
        "lastModified": 1635165013,
        "narHash": "sha256-o/BdVjNwcB6jOmzZjOH703BesSkkS5O7ej3xhyO8hAY=",
        "owner": "hercules-ci",
        "repo": "gitignore.nix",
        "rev": "5b9e0ff9d3b551234b4f3eb3983744fa354b17f1",
        "type": "github"
      },
      "original": {
        "owner": "hercules-ci",
        "ref": "master",
        "repo": "gitignore.nix",
        "type": "github"
      }
    },
    "git-ignore-nix_3": {
      "inputs": {
        "nixpkgs": "nixpkgs_12"
      },
      "locked": {
        "lastModified": 1635165013,
        "narHash": "sha256-o/BdVjNwcB6jOmzZjOH703BesSkkS5O7ej3xhyO8hAY=",
        "owner": "hercules-ci",
        "repo": "gitignore.nix",
        "rev": "5b9e0ff9d3b551234b4f3eb3983744fa354b17f1",
        "type": "github"
      },
      "original": {
        "owner": "hercules-ci",
        "ref": "master",
        "repo": "gitignore.nix",
        "type": "github"
      }
    },
    "home-manager": {
      "inputs": {
        "nixpkgs": [
          "nixpkgs"
        ]
      },
      "locked": {
        "lastModified": 1646364779,
        "narHash": "sha256-481vkO9b3h++bHzLbGDDhgpBoXQ0Wlo4lm4h5/EJMO4=",
        "owner": "nix-community",
        "repo": "home-manager",
        "rev": "d119cea3763977801ad66330668c1ab4346cb7f7",
        "type": "github"
      },
      "original": {
        "owner": "nix-community",
        "ref": "master",
        "repo": "home-manager",
        "type": "github"
      }
    },
    "kile-wl-src": {
      "flake": false,
      "locked": {
        "lastModified": 1646262772,
        "narHash": "sha256-9Zciz2wpfcBCWzC1CGLXAaFwXm3cYL1m3R7fKHXm+Kg=",
        "owner": "snakedye",
        "repo": "kile",
        "rev": "6e9af67f58e078adffb16a7d37187ca4d750c7ff",
        "type": "gitlab"
      },
      "original": {
        "owner": "snakedye",
        "repo": "kile",
        "type": "gitlab"
      }
    },
    "naersk": {
      "inputs": {
        "nixpkgs": "nixpkgs_3"
      },
      "locked": {
        "lastModified": 1629707199,
        "narHash": "sha256-sGxlmfp5eXL5sAMNqHSb04Zq6gPl+JeltIZ226OYN0w=",
        "owner": "nmattia",
        "repo": "naersk",
        "rev": "df71f5e4babda41cd919a8684b72218e2e809fa9",
        "type": "github"
      },
      "original": {
        "owner": "nmattia",
        "repo": "naersk",
        "type": "github"
      }
    },
    "naersk_2": {
      "inputs": {
        "nixpkgs": "nixpkgs_5"
      },
      "locked": {
        "lastModified": 1639947939,
        "narHash": "sha256-pGsM8haJadVP80GFq4xhnSpNitYNQpaXk4cnA796Cso=",
        "owner": "nix-community",
        "repo": "naersk",
        "rev": "2fc8ce9d3c025d59fee349c1f80be9785049d653",
        "type": "github"
      },
      "original": {
        "owner": "nix-community",
        "repo": "naersk",
        "type": "github"
      }
    },
    "nixpkgs": {
      "locked": {
        "lastModified": 1643472818,
        "narHash": "sha256-qzVPxKDUubYIxKRSuDl/JgzXWSmGvUVYny9SxFMfPJM=",
        "owner": "NixOS",
        "repo": "nixpkgs",
        "rev": "7f65e4abd5ecaad12d2d26e4380d1a7d8edafea7",
        "type": "github"
      },
      "original": {
        "owner": "NixOS",
        "ref": "nixpkgs-unstable",
        "repo": "nixpkgs",
        "type": "github"
      }
    },
    "nixpkgs-f2k": {
      "inputs": {
        "alacritty-src": "alacritty-src",
        "awesome-src": "awesome-src",
        "eww": "eww",
        "flake-compat": "flake-compat_3",
        "flake-utils": "flake-utils_2",
        "kile-wl-src": "kile-wl-src",
        "naersk": "naersk_2",
        "nixpkgs": [
          "nixpkgs"
        ],
        "nixpkgs-wayland": "nixpkgs-wayland",
        "phocus-src": "phocus-src",
        "picom-dccsillag": "picom-dccsillag",
        "picom-pijulius": "picom-pijulius",
        "picom-src": "picom-src",
        "river-src": "river-src",
        "rust-nightly": "rust-nightly",
        "sway-borders-src": "sway-borders-src",
        "wezterm-src": "wezterm-src",
        "xmonad": "xmonad",
        "xmonad-contrib": "xmonad-contrib"
      },
      "locked": {
        "lastModified": 1646362043,
        "narHash": "sha256-Wo7VE9FSJjLGBFf/cx91udUzSX2/nlnyoYKggxMPa88=",
        "owner": "fortuneteller2k",
        "repo": "nixpkgs-f2k",
        "rev": "405ae761513b15e4a0f023c3a1f798248328737b",
        "type": "github"
      },
      "original": {
        "owner": "fortuneteller2k",
        "repo": "nixpkgs-f2k",
        "type": "github"
      }
    },
    "nixpkgs-wayland": {
      "inputs": {
        "cachix": "cachix",
        "flake-compat": "flake-compat_4",
        "nixpkgs": "nixpkgs_6"
      },
      "locked": {
        "lastModified": 1646329437,
        "narHash": "sha256-y2gB58LPSX2osdvZZ/7XP2n4vg122SZ38hd/r5cMz2g=",
        "owner": "nix-community",
        "repo": "nixpkgs-wayland",
        "rev": "227bbb5ca57f9052cb528a21727d81529422f168",
        "type": "github"
      },
      "original": {
        "owner": "nix-community",
        "repo": "nixpkgs-wayland",
        "type": "github"
      }
    },
    "nixpkgs_10": {
      "locked": {
        "lastModified": 1632846328,
        "narHash": "sha256-sFi6YtlGK30TBB9o6CW7LG9mYHkgtKeWbSLAjjrNTX0=",
        "owner": "NixOS",
        "repo": "nixpkgs",
        "rev": "2b71ddd869ad592510553d09fe89c9709fa26b2b",
        "type": "github"
      },
      "original": {
        "id": "nixpkgs",
        "type": "indirect"
      }
    },
    "nixpkgs_11": {
      "locked": {
        "lastModified": 1646331602,
        "narHash": "sha256-cRuytTfel52z947yKfJcZU7zbQBgM16qqTf+oJkVwtg=",
        "owner": "NixOS",
        "repo": "nixpkgs",
        "rev": "ad267cc9cf3d5a6ae63940df31eb31382d6356e6",
        "type": "github"
      },
      "original": {
        "id": "nixpkgs",
        "type": "indirect"
      }
    },
    "nixpkgs_12": {
      "locked": {
        "lastModified": 1632846328,
        "narHash": "sha256-sFi6YtlGK30TBB9o6CW7LG9mYHkgtKeWbSLAjjrNTX0=",
        "owner": "NixOS",
        "repo": "nixpkgs",
        "rev": "2b71ddd869ad592510553d09fe89c9709fa26b2b",
        "type": "github"
      },
      "original": {
        "id": "nixpkgs",
        "type": "indirect"
      }
    },
    "nixpkgs_13": {
      "locked": {
        "lastModified": 1646331602,
        "narHash": "sha256-cRuytTfel52z947yKfJcZU7zbQBgM16qqTf+oJkVwtg=",
        "owner": "NixOS",
        "repo": "nixpkgs",
        "rev": "ad267cc9cf3d5a6ae63940df31eb31382d6356e6",
        "type": "github"
      },
      "original": {
        "id": "nixpkgs",
        "type": "indirect"
      }
    },
    "nixpkgs_14": {
      "locked": {
        "lastModified": 1642961095,
        "narHash": "sha256-RLatktZmvwFBOyqdoIk4qdS4OGKB7aKIvvs4ZP2L8D8=",
        "owner": "NixOS",
        "repo": "nixpkgs",
        "rev": "604c44137d97b5111be1ca5c0d97f6e24fbc5c2c",
        "type": "github"
      },
      "original": {
        "owner": "NixOS",
        "ref": "nixos-21.11",
        "repo": "nixpkgs",
        "type": "github"
      }
    },
    "nixpkgs_2": {
      "locked": {
        "lastModified": 1646254136,
        "narHash": "sha256-8nQx02tTzgYO21BP/dy5BCRopE8OwE8Drsw98j+Qoaw=",
        "owner": "NixOS",
        "repo": "nixpkgs",
        "rev": "3e072546ea98db00c2364b81491b893673267827",
        "type": "github"
      },
      "original": {
        "id": "nixpkgs",
        "ref": "nixos-unstable",
        "type": "indirect"
      }
    },
    "nixpkgs_3": {
      "locked": {
        "lastModified": 1630761588,
        "narHash": "sha256-7GXckvZy7DGh2KIyfdArqwnyeSc5Owy1fumEDQyd8eY=",
        "path": "/nix/store/8i2kd1ndvx8adgid7vf4szhxsh1f9pkm-source",
        "rev": "a51aa6523bd8ee985bc70987909eff235900197a",
        "type": "path"
      },
      "original": {
        "id": "nixpkgs",
        "type": "indirect"
      }
    },
    "nixpkgs_4": {
      "locked": {
        "lastModified": 1630140382,
        "narHash": "sha256-ntXepAHFlAEtaYIU5EzckRUODeeMgpu1u2Yug+4LFNc=",
        "owner": "NixOS",
        "repo": "nixpkgs",
        "rev": "08ef0f28e3a41424b92ba1d203de64257a9fca6a",
        "type": "github"
      },
      "original": {
        "id": "nixpkgs",
        "ref": "nixpkgs-unstable",
        "type": "indirect"
      }
    },
    "nixpkgs_5": {
      "locked": {
        "lastModified": 1646331602,
        "narHash": "sha256-cRuytTfel52z947yKfJcZU7zbQBgM16qqTf+oJkVwtg=",
        "owner": "NixOS",
        "repo": "nixpkgs",
        "rev": "ad267cc9cf3d5a6ae63940df31eb31382d6356e6",
        "type": "github"
      },
      "original": {
        "id": "nixpkgs",
        "type": "indirect"
      }
    },
    "nixpkgs_6": {
      "locked": {
        "lastModified": 1646254136,
        "narHash": "sha256-8nQx02tTzgYO21BP/dy5BCRopE8OwE8Drsw98j+Qoaw=",
        "owner": "nixos",
        "repo": "nixpkgs",
        "rev": "3e072546ea98db00c2364b81491b893673267827",
        "type": "github"
      },
      "original": {
        "owner": "nixos",
        "ref": "nixos-unstable",
        "repo": "nixpkgs",
        "type": "github"
      }
    },
    "nixpkgs_7": {
      "locked": {
        "lastModified": 1637453606,
        "narHash": "sha256-Gy6cwUswft9xqsjWxFYEnx/63/qzaFUwatcbV5GF/GQ=",
        "owner": "NixOS",
        "repo": "nixpkgs",
        "rev": "8afc4e543663ca0a6a4f496262cd05233737e732",
        "type": "github"
      },
      "original": {
        "owner": "NixOS",
        "ref": "nixpkgs-unstable",
        "repo": "nixpkgs",
        "type": "github"
      }
    },
    "nixpkgs_8": {
      "locked": {
        "lastModified": 1632846328,
        "narHash": "sha256-sFi6YtlGK30TBB9o6CW7LG9mYHkgtKeWbSLAjjrNTX0=",
        "owner": "NixOS",
        "repo": "nixpkgs",
        "rev": "2b71ddd869ad592510553d09fe89c9709fa26b2b",
        "type": "github"
      },
      "original": {
        "id": "nixpkgs",
        "type": "indirect"
      }
    },
    "nixpkgs_9": {
      "locked": {
        "lastModified": 1646331602,
        "narHash": "sha256-cRuytTfel52z947yKfJcZU7zbQBgM16qqTf+oJkVwtg=",
        "owner": "NixOS",
        "repo": "nixpkgs",
        "rev": "ad267cc9cf3d5a6ae63940df31eb31382d6356e6",
        "type": "github"
      },
      "original": {
        "id": "nixpkgs",
        "type": "indirect"
      }
    },
    "phocus-src": {
      "flake": false,
      "locked": {
        "lastModified": 1619871645,
        "narHash": "sha256-MiSrbOlG/XxEBWwCRlVe0kbC5NqPqgrsRyx6So3oRr8=",
        "owner": "phocus",
        "repo": "gtk",
        "rev": "898584f0e51c5e72a49e308039bb57f6c59e5f8e",
        "type": "github"
      },
      "original": {
        "owner": "phocus",
        "repo": "gtk",
        "type": "github"
      }
    },
    "picom-dccsillag": {
      "flake": false,
      "locked": {
        "lastModified": 1643853705,
        "narHash": "sha256-xNLUh2ecy/7B0ahwYvcrZPBGGGVu9alvRxXJUVQ3zlM=",
        "owner": "dccsillag",
        "repo": "picom",
        "rev": "bc759fd0b1064c00ba34d208c262954abc3460ae",
        "type": "github"
      },
      "original": {
        "owner": "dccsillag",
        "ref": "implement-window-animations",
        "repo": "picom",
        "type": "github"
      }
    },
    "picom-pijulius": {
      "flake": false,
      "locked": {
        "lastModified": 1634982684,
        "narHash": "sha256-YiuLScDV9UfgI1MiYRtjgRkJ0VuA1TExATA2nJSJMhM=",
        "owner": "pijulius",
        "repo": "picom",
        "rev": "982bb43e5d4116f1a37a0bde01c9bda0b88705b9",
        "type": "github"
      },
      "original": {
        "owner": "pijulius",
        "ref": "implement-window-animations",
        "repo": "picom",
        "type": "github"
      }
    },
    "picom-src": {
      "flake": false,
      "locked": {
        "lastModified": 1644761232,
        "narHash": "sha256-Yb69LTu45HxBWoD/T9Uj6b1lNn7hHzIEjcn73PMMEz0=",
        "owner": "yshui",
        "repo": "picom",
        "rev": "aa316aa3601a4f3ce9c1ca79932218ab574e61a7",
        "type": "github"
      },
      "original": {
        "owner": "yshui",
        "repo": "picom",
        "type": "github"
      }
    },
    "river-src": {
      "flake": false,
      "locked": {
        "lastModified": 1646231691,
        "narHash": "sha256-SB7NnP+7x7Rq6MVVmYUDmAHBvcGe72WwyYBDQ75VNLk=",
        "ref": "master",
        "rev": "238c39379d461a97619241e0daf0a437eb60bbc3",
        "revCount": 816,
        "submodules": true,
        "type": "git",
        "url": "https://github.com/ifreund/river.git"
      },
      "original": {
        "submodules": true,
        "type": "git",
        "url": "https://github.com/ifreund/river.git"
      }
    },
    "root": {
      "inputs": {
        "agenix": "agenix",
        "deploy-rs": "deploy-rs",
        "emacs-overlay": "emacs-overlay",
        "fu": "fu",
        "fup": "fup",
        "home-manager": "home-manager",
        "nixpkgs": "nixpkgs_2",
        "nixpkgs-f2k": "nixpkgs-f2k",
        "tuxedo": "tuxedo"
      }
    },
    "rust-analyzer-src": {
      "flake": false,
      "locked": {
        "lastModified": 1630870637,
        "narHash": "sha256-TacpTVvHAIs4kZ5vibj8luy/kryYwxY+OXFNPnqiXP0=",
        "owner": "rust-analyzer",
        "repo": "rust-analyzer",
        "rev": "b73b321478d3b2a98d380eb79de717e01620c4e9",
        "type": "github"
      },
      "original": {
        "owner": "rust-analyzer",
        "ref": "nightly",
        "repo": "rust-analyzer",
        "type": "github"
      }
    },
    "rust-nightly": {
      "inputs": {
        "flake-utils": "flake-utils_3",
        "nixpkgs": "nixpkgs_7"
      },
      "locked": {
        "lastModified": 1646360880,
        "narHash": "sha256-Xu/gQO2eqRBOOarjl7XuPdrtKagAGAZDn6AlIRzGUns=",
        "owner": "oxalica",
        "repo": "rust-overlay",
        "rev": "194016e6b086bfa5965aeb8979c58b93e03e2485",
        "type": "github"
      },
      "original": {
        "owner": "oxalica",
        "repo": "rust-overlay",
        "type": "github"
      }
    },
    "sway-borders-src": {
      "flake": false,
      "locked": {
        "lastModified": 1643921366,
        "narHash": "sha256-ZS8QXoQ1NDpQd6MyXWgJzPZruhJUvKB+xD4otuWoD6M=",
        "owner": "fluix-dev",
        "repo": "sway-borders",
        "rev": "a137ee487f246568f6e67d5799b27abdaa5dca4e",
        "type": "github"
      },
      "original": {
        "owner": "fluix-dev",
        "repo": "sway-borders",
        "type": "github"
      }
    },
    "tuxedo": {
      "inputs": {
        "flake-compat": "flake-compat_5",
        "flake-compat-ci": "flake-compat-ci",
        "nixpkgs": "nixpkgs_14"
      },
      "locked": {
        "lastModified": 1643143447,
        "narHash": "sha256-Vvf9W8GHGh5fObQLCL0uUwZXjMrTeNLytr4gwAKBLB0=",
        "owner": "blitz",
        "repo": "tuxedo-nixos",
        "rev": "2cac0f030fffdc367f556a596be78d6286889808",
        "type": "github"
      },
      "original": {
        "owner": "blitz",
        "repo": "tuxedo-nixos",
        "type": "github"
      }
    },
    "utils": {
      "locked": {
        "lastModified": 1642700792,
        "narHash": "sha256-XqHrk7hFb+zBvRg6Ghl+AZDq03ov6OshJLiSWOoX5es=",
        "owner": "numtide",
        "repo": "flake-utils",
        "rev": "846b2ae0fc4cc943637d3d1def4454213e203cba",
        "type": "github"
      },
      "original": {
        "owner": "numtide",
        "repo": "flake-utils",
        "type": "github"
      }
    },
    "wezterm-src": {
      "flake": false,
      "locked": {
        "lastModified": 1646317367,
        "narHash": "sha256-8IhpAwUCImeNVaA94k7vjkYn8sEzmDU9RsOiF4SgFyw=",
        "ref": "main",
        "rev": "5ffd50acc609bea0b31440cf4e992a82a3809392",
        "revCount": 5167,
        "submodules": true,
        "type": "git",
        "url": "https://github.com/wez/wezterm.git"
      },
      "original": {
        "ref": "main",
        "submodules": true,
        "type": "git",
        "url": "https://github.com/wez/wezterm.git"
      }
    },
    "xmonad": {
      "inputs": {
        "flake-utils": "flake-utils_4",
        "git-ignore-nix": "git-ignore-nix",
        "nixpkgs": "nixpkgs_9"
      },
      "locked": {
        "lastModified": 1644862553,
        "narHash": "sha256-TPVKQh6Jp2ZTnle+8ZiRbteLcGLzCfTGKEejmONFIYg=",
        "owner": "xmonad",
        "repo": "xmonad",
        "rev": "f4a5b88e64b2e9b80ddf81a0ba178ec4d005cfa8",
        "type": "github"
      },
      "original": {
        "owner": "xmonad",
        "repo": "xmonad",
        "type": "github"
      }
    },
    "xmonad-contrib": {
      "inputs": {
        "flake-utils": "flake-utils_5",
        "git-ignore-nix": "git-ignore-nix_2",
        "nixpkgs": "nixpkgs_11",
        "xmonad": "xmonad_2"
      },
      "locked": {
        "lastModified": 1646034959,
        "narHash": "sha256-WIkwi44bB48F1ChbyVp/J252HonEe2NlQlO7mxOeapE=",
        "owner": "xmonad",
        "repo": "xmonad-contrib",
        "rev": "ca25b36aa0397043207eb75aff0ebeb6d3e1af62",
        "type": "github"
      },
      "original": {
        "owner": "xmonad",
        "repo": "xmonad-contrib",
        "type": "github"
      }
    },
    "xmonad_2": {
      "inputs": {
        "flake-utils": "flake-utils_6",
        "git-ignore-nix": "git-ignore-nix_3",
        "nixpkgs": "nixpkgs_13"
      },
      "locked": {
        "lastModified": 1644862553,
        "narHash": "sha256-TPVKQh6Jp2ZTnle+8ZiRbteLcGLzCfTGKEejmONFIYg=",
        "owner": "xmonad",
        "repo": "xmonad",
        "rev": "f4a5b88e64b2e9b80ddf81a0ba178ec4d005cfa8",
        "type": "github"
      },
      "original": {
        "owner": "xmonad",
        "repo": "xmonad",
        "type": "github"
      }
    }
  },
  "root": "root",
  "version": 7
}
